
Microsoft Visual Studio Solution File, Format Version 12.00
# Visual Studio Version 16
VisualStudioVersion = 16.0.31515.178
MinimumVisualStudioVersion = 10.0.40219.1
Project("{9A19103F-16F7-4668-BE54-9A1E7A4F7556}") = "WebApi", "WebApi\WebApi.csproj", "{1BD5A6D9-CE51-44E3-B330-61031C9E9C72}"
EndProject
Project("{9A19103F-16F7-4668-BE54-9A1E7A4F7556}") = "Application", "Application\Application.csproj", "{77AE555F-2E0B-46FA-BFA6-6225D12B926F}"
EndProject
Project("{9A19103F-16F7-4668-BE54-9A1E7A4F7556}") = "Domain", "Domain\Domain.csproj", "{98DA08CD-10C5-4613-93FE-4E424425AF2F}"
EndProject
Project("{FAE04EC0-301F-11D3-BF4B-00C04F79EFBC}") = "Infrastructure.Identity", "Infrastructure.Identity\Infrastructure.Identity.csproj", "{01CD44B3-B656-41AA-8DF7-CC3053FE196F}"
EndProject
Project("{FAE04EC0-301F-11D3-BF4B-00C04F79EFBC}") = "Infrastructure.Persistence", "Infrastructure.Persistence\Infrastructure.Persistence.csproj", "{D67F7560-F1A1-4AE8-9417-99C78393BBC1}"
EndProject
Project("{FAE04EC0-301F-11D3-BF4B-00C04F79EFBC}") = "Infrastructure.Shared", "Infrastructure.Shared\Infrastructure.Shared.csproj", "{6BD5FC48-B5D5-49EA-B84B-0FA222258950}"
EndProject
Global
	GlobalSection(SolutionConfigurationPlatforms) = preSolution
		Debug|Any CPU = Debug|Any CPU
		Release|Any CPU = Release|Any CPU
	EndGlobalSection
	GlobalSection(ProjectConfigurationPlatforms) = postSolution
		{1BD5A6D9-CE51-44E3-B330-61031C9E9C72}.Debug|Any CPU.ActiveCfg = Debug|Any CPU
		{1BD5A6D9-CE51-44E3-B330-61031C9E9C72}.Debug|Any CPU.Build.0 = Debug|Any CPU
		{1BD5A6D9-CE51-44E3-B330-61031C9E9C72}.Release|Any CPU.ActiveCfg = Release|Any CPU
		{1BD5A6D9-CE51-44E3-B330-61031C9E9C72}.Release|Any CPU.Build.0 = Release|Any CPU
		{77AE555F-2E0B-46FA-BFA6-6225D12B926F}.Debug|Any CPU.ActiveCfg = Debug|Any CPU
		{77AE555F-2E0B-46FA-BFA6-6225D12B926F}.Debug|Any CPU.Build.0 = Debug|Any CPU
		{77AE555F-2E0B-46FA-BFA6-6225D12B926F}.Release|Any CPU.ActiveCfg = Release|Any CPU
		{77AE555F-2E0B-46FA-BFA6-6225D12B926F}.Release|Any CPU.Build.0 = Release|Any CPU
		{98DA08CD-10C5-4613-93FE-4E424425AF2F}.Debug|Any CPU.ActiveCfg = Debug|Any CPU
		{98DA08CD-10C5-4613-93FE-4E424425AF2F}.Debug|Any CPU.Build.0 = Debug|Any CPU
		{98DA08CD-10C5-4613-93FE-4E424425AF2F}.Release|Any CPU.ActiveCfg = Release|Any CPU
		{98DA08CD-10C5-4613-93FE-4E424425AF2F}.Release|Any CPU.Build.0 = Release|Any CPU
		{01CD44B3-B656-41AA-8DF7-CC3053FE196F}.Debug|Any CPU.ActiveCfg = Debug|Any CPU
		{01CD44B3-B656-41AA-8DF7-CC3053FE196F}.Debug|Any CPU.Build.0 = Debug|Any CPU
		{01CD44B3-B656-41AA-8DF7-CC3053FE196F}.Release|Any CPU.ActiveCfg = Release|Any CPU
		{01CD44B3-B656-41AA-8DF7-CC3053FE196F}.Release|Any CPU.Build.0 = Release|Any CPU
		{D67F7560-F1A1-4AE8-9417-99C78393BBC1}.Debug|Any CPU.ActiveCfg = Debug|Any CPU
		{D67F7560-F1A1-4AE8-9417-99C78393BBC1}.Debug|Any CPU.Build.0 = Debug|Any CPU
		{D67F7560-F1A1-4AE8-9417-99C78393BBC1}.Release|Any CPU.ActiveCfg = Release|Any CPU
		{D67F7560-F1A1-4AE8-9417-99C78393BBC1}.Release|Any CPU.Build.0 = Release|Any CPU
		{6BD5FC48-B5D5-49EA-B84B-0FA222258950}.Debug|Any CPU.ActiveCfg = Debug|Any CPU
		{6BD5FC48-B5D5-49EA-B84B-0FA222258950}.Debug|Any CPU.Build.0 = Debug|Any CPU
		{6BD5FC48-B5D5-49EA-B84B-0FA222258950}.Release|Any CPU.ActiveCfg = Release|Any CPU
		{6BD5FC48-B5D5-49EA-B84B-0FA222258950}.Release|Any CPU.Build.0 = Release|Any CPU
	EndGlobalSection
	GlobalSection(SolutionProperties) = preSolution
		HideSolutionNode = FALSE
	EndGlobalSection
	GlobalSection(ExtensibilityGlobals) = postSolution
		SolutionGuid = {FC3AFDFE-9C10-45AC-BD9B-E51B115F3296}
	EndGlobalSection
EndGlobal
